
Microsoft Visual Studio Solution File, Format Version 12.00
# Visual Studio Version 17
VisualStudioVersion = 17.5.002.0
MinimumVisualStudioVersion = 10.0.40219.1
Project("{FAE04EC0-301F-11D3-BF4B-00C04F79EFBC}") = "StreamUtil", "StreamUtil\StreamUtil.csproj", "{4374F0F3-149E-48CF-A6A6-72C1FBD49E56}"
EndProject
Project("{FAE04EC0-301F-11D3-BF4B-00C04F79EFBC}") = "QuickTest", "QuickTest\QuickTest.csproj", "{461EAEE1-177A-4CC5-B50C-1E9E015CE3EB}"
EndProject
Project("{FAE04EC0-301F-11D3-BF4B-00C04F79EFBC}") = "Tests", "Tests\Tests.csproj", "{22ABFCBD-A673-42A2-AFD8-57B2267DA41C}"
EndProject
Global
	GlobalSection(SolutionConfigurationPlatforms) = preSolution
		Debug|Any CPU = Debug|Any CPU
		Release|Any CPU = Release|Any CPU
	EndGlobalSection
	GlobalSection(ProjectConfigurationPlatforms) = postSolution
		{4374F0F3-149E-48CF-A6A6-72C1FBD49E56}.Debug|Any CPU.ActiveCfg = Debug|Any CPU
		{4374F0F3-149E-48CF-A6A6-72C1FBD49E56}.Debug|Any CPU.Build.0 = Debug|Any CPU
		{4374F0F3-149E-48CF-A6A6-72C1FBD49E56}.Release|Any CPU.ActiveCfg = Release|Any CPU
		{4374F0F3-149E-48CF-A6A6-72C1FBD49E56}.Release|Any CPU.Build.0 = Release|Any CPU
		{461EAEE1-177A-4CC5-B50C-1E9E015CE3EB}.Debug|Any CPU.ActiveCfg = Debug|Any CPU
		{461EAEE1-177A-4CC5-B50C-1E9E015CE3EB}.Debug|Any CPU.Build.0 = Debug|Any CPU
		{461EAEE1-177A-4CC5-B50C-1E9E015CE3EB}.Release|Any CPU.ActiveCfg = Release|Any CPU
		{461EAEE1-177A-4CC5-B50C-1E9E015CE3EB}.Release|Any CPU.Build.0 = Release|Any CPU
		{22ABFCBD-A673-42A2-AFD8-57B2267DA41C}.Debug|Any CPU.ActiveCfg = Debug|Any CPU
		{22ABFCBD-A673-42A2-AFD8-57B2267DA41C}.Debug|Any CPU.Build.0 = Debug|Any CPU
		{22ABFCBD-A673-42A2-AFD8-57B2267DA41C}.Release|Any CPU.ActiveCfg = Release|Any CPU
		{22ABFCBD-A673-42A2-AFD8-57B2267DA41C}.Release|Any CPU.Build.0 = Release|Any CPU
	EndGlobalSection
	GlobalSection(SolutionProperties) = preSolution
		HideSolutionNode = FALSE
	EndGlobalSection
	GlobalSection(ExtensibilityGlobals) = postSolution
		SolutionGuid = {DE30FCCC-8C1C-48EF-A6D8-9DE364FC15F3}
	EndGlobalSection
EndGlobal
